
Microsoft Visual Studio Solution File, Format Version 12.00
# Visual Studio Version 17
VisualStudioVersion = 17.3.32929.385
MinimumVisualStudioVersion = 10.0.40219.1
Project("{FAE04EC0-301F-11D3-BF4B-00C04F79EFBC}") = "ContactsAPI", "ContactsAPI\ContactsAPI.csproj", "{24BD7345-ABC1-48E5-A644-0E75EEA6E0DD}"
EndProject
Global
	GlobalSection(SolutionConfigurationPlatforms) = preSolution
		Debug|Any CPU = Debug|Any CPU
		Release|Any CPU = Release|Any CPU
	EndGlobalSection
	GlobalSection(ProjectConfigurationPlatforms) = postSolution
		{24BD7345-ABC1-48E5-A644-0E75EEA6E0DD}.Debug|Any CPU.ActiveCfg = Debug|Any CPU
		{24BD7345-ABC1-48E5-A644-0E75EEA6E0DD}.Debug|Any CPU.Build.0 = Debug|Any CPU
		{24BD7345-ABC1-48E5-A644-0E75EEA6E0DD}.Release|Any CPU.ActiveCfg = Release|Any CPU
		{24BD7345-ABC1-48E5-A644-0E75EEA6E0DD}.Release|Any CPU.Build.0 = Release|Any CPU
	EndGlobalSection
	GlobalSection(SolutionProperties) = preSolution
		HideSolutionNode = FALSE
	EndGlobalSection
	GlobalSection(ExtensibilityGlobals) = postSolution
		SolutionGuid = {631A4E0E-F34D-41A9-9606-0D12094ED2E4}
	EndGlobalSection
EndGlobal
